
Microsoft Visual Studio Solution File, Format Version 12.00
# Visual Studio Version 17
VisualStudioVersion = 17.7.34202.233
MinimumVisualStudioVersion = 10.0.40219.1
Project("{FAE04EC0-301F-11D3-BF4B-00C04F79EFBC}") = "MvcCv", "MvcCv\MvcCv.csproj", "{D2630CC7-D405-4F6F-92C8-B9BB4009F047}"
EndProject
Global
	GlobalSection(SolutionConfigurationPlatforms) = preSolution
		Debug|Any CPU = Debug|Any CPU
		Release|Any CPU = Release|Any CPU
	EndGlobalSection
	GlobalSection(ProjectConfigurationPlatforms) = postSolution
		{D2630CC7-D405-4F6F-92C8-B9BB4009F047}.Debug|Any CPU.ActiveCfg = Debug|Any CPU
		{D2630CC7-D405-4F6F-92C8-B9BB4009F047}.Debug|Any CPU.Build.0 = Debug|Any CPU
		{D2630CC7-D405-4F6F-92C8-B9BB4009F047}.Release|Any CPU.ActiveCfg = Release|Any CPU
		{D2630CC7-D405-4F6F-92C8-B9BB4009F047}.Release|Any CPU.Build.0 = Release|Any CPU
	EndGlobalSection
	GlobalSection(SolutionProperties) = preSolution
		HideSolutionNode = FALSE
	EndGlobalSection
	GlobalSection(ExtensibilityGlobals) = postSolution
		SolutionGuid = {65FC93B1-CFA3-474B-9D62-F1F4416BB3D7}
	EndGlobalSection
EndGlobal
